<?xml version="1.0" encoding="utf-8"?>
<Project ToolsVersion="4.0" xmlns="http://schemas.microsoft.com/developer/msbuild/2003">
  <ItemGroup>
    <Filter Include="Header Files">
      <UniqueIdentifier>{ad7133c9-35ff-442c-afaa-918f6c5920f3}</UniqueIdentifier>
    </Filter>
    <Filter Include="Source Files">
      <UniqueIdentifier>{119de8f2-1c77-47e2-abb1-5ddbc4b51947}</UniqueIdentifier>
    </Filter>
    <Filter Include="TwinCAT UM Files">
      <UniqueIdentifier>{11a3e411-362d-498c-8c24-2c647f363260}</UniqueIdentifier>
    </Filter>
    <Filter Include="TwinCAT RT Files">
      <UniqueIdentifier>{bd3ebb88-b87c-4336-a81c-19e4c830d8c7}</UniqueIdentifier>
    </Filter>
    <Filter Include="TMC Files">
      <UniqueIdentifier>{32627a8c-9bbd-4ee2-a4b3-cda0fe25c981}</UniqueIdentifier>
    </Filter>
  </ItemGroup>
  <ItemGroup>
    <ClInclude Include="Resource.h">
      <Filter>Header Files</Filter>
    </ClInclude>
    <ClInclude Include="TcPch.h">
      <Filter>Header Files</Filter>
    </ClInclude>
    <ClInclude Include="kuka_interfaceClassFactory.h">
      <Filter>Header Files</Filter>
    </ClInclude>
    <ClInclude Include="kuka_interfaceInterfaces.h">
      <Filter>Header Files</Filter>
    </ClInclude>
    <ClInclude Include="kuka_interfaceServices.h">
      <Filter>Header Files</Filter>
    </ClInclude>
    <ClInclude Include="kuka_interfaceCtrl.h">
      <Filter>TwinCAT UM Files</Filter>
    </ClInclude>
    <ClInclude Include="kuka_interfaceDriver.h">
      <Filter>TwinCAT RT Files</Filter>
    </ClInclude>
    <ClInclude Include="kuka_module.h">
      <Filter>Header Files</Filter>
    </ClInclude>
    <ClInclude Include="Axis.h">
      <Filter>Header Files</Filter>
    </ClInclude>
    <ClInclude Include="KsoeSlave.h">
      <Filter>Header Files</Filter>
    </ClInclude>
    <ClInclude Include="KsoeSlaveError.h">
      <Filter>Header Files</Filter>
    </ClInclude>
    <ClInclude Include="KsoeSlaveParameters.h">
      <Filter>Header Files</Filter>
    </ClInclude>
    <ClInclude Include="KsoeSlaveType.h">
      <Filter>Header Files</Filter>
    </ClInclude>
    <ClInclude Include="KsoeState.h">
      <Filter>Header Files</Filter>
    </ClInclude>
    <ClInclude Include="MotionState.h">
      <Filter>Header Files</Filter>
    </ClInclude>
    <ClInclude Include="PDSParameters.h">
      <Filter>Header Files</Filter>
    </ClInclude>
    <ClInclude Include="Robot.h">
      <Filter>Header Files</Filter>
    </ClInclude>
    <ClInclude Include="Robot1.h">
      <Filter>Header Files</Filter>
    </ClInclude>
    <ClInclude Include="RobotParameters.h">
      <Filter>Header Files</Filter>
    </ClInclude>
    <ClInclude Include="AxisControl.h">
      <Filter>Header Files</Filter>
    </ClInclude>
    <ClInclude Include="AxisSensor.h">
      <Filter>Header Files</Filter>
    </ClInclude>
    <ClInclude Include="DT1.h">
      <Filter>Header Files</Filter>
    </ClInclude>
    <ClInclude Include="FsoeSlave.h">
      <Filter>Header Files</Filter>
    </ClInclude>
    <ClInclude Include="FsoeState.h">
      <Filter>Header Files</Filter>
    </ClInclude>
    <ClInclude Include="FsoeSlaveParameters.h">
      <Filter>Header Files</Filter>
    </ClInclude>
    <ClInclude Include="MFTSensor.h">
      <Filter>Header Files</Filter>
    </ClInclude>
    <ClInclude Include="FsoeSlaveError.h">
      <Filter>Header Files</Filter>
    </ClInclude>
    <ClInclude Include="MovingAverageFilter.h">
      <Filter>Header Files</Filter>
    </ClInclude>
    <ClInclude Include="DifferenceFilter.h">
      <Filter>Header Files</Filter>
    </ClInclude>
    <ClInclude Include="PT1.h">
      <Filter>Header Files</Filter>
    </ClInclude>
    <ClInclude Include="AxisLimits.h">
      <Filter>Header Files</Filter>
    </ClInclude>
    <ClInclude Include="KsoeSlaveWarning.h">
      <Filter>Header Files</Filter>
    </ClInclude>
    <ClInclude Include="LEDState.h">
      <Filter>Header Files</Filter>
    </ClInclude>
    <ClInclude Include="MotionEnableLogic.h">
      <Filter>Header Files</Filter>
    </ClInclude>
  </ItemGroup>
  <ItemGroup>
    <ClCompile Include="TcPch.cpp">
      <Filter>Source Files</Filter>
    </ClCompile>
    <ClCompile Include="kuka_interfaceClassFactory.cpp">
      <Filter>Source Files</Filter>
    </ClCompile>
    <ClCompile Include="kuka_interfaceCtrl.cpp">
      <Filter>TwinCAT UM Files</Filter>
    </ClCompile>
    <ClCompile Include="kuka_interfaceW32.cpp">
      <Filter>TwinCAT UM Files</Filter>
    </ClCompile>
    <ClCompile Include="kuka_interfaceDriver.cpp">
      <Filter>TwinCAT RT Files</Filter>
    </ClCompile>
    <ClCompile Include="kuka_module.cpp">
      <Filter>Source Files</Filter>
    </ClCompile>
    <ClCompile Include="KsoeSlave.cpp">
      <Filter>Source Files</Filter>
    </ClCompile>
    <ClCompile Include="Robot.cpp">
      <Filter>Source Files</Filter>
    </ClCompile>
    <ClCompile Include="Robot1.cpp">
      <Filter>Source Files</Filter>
    </ClCompile>
    <ClCompile Include="DT1.cpp">
      <Filter>Source Files</Filter>
    </ClCompile>
    <ClCompile Include="FsoeSlave.cpp">
      <Filter>Source Files</Filter>
    </ClCompile>
    <ClCompile Include="MovingAverageFilter.cpp">
      <Filter>Source Files</Filter>
    </ClCompile>
    <ClCompile Include="DifferenceFilter.cpp">
      <Filter>Source Files</Filter>
    </ClCompile>
    <ClCompile Include="PT1.cpp">
      <Filter>Source Files</Filter>
    </ClCompile>
    <ClCompile Include="MotionEnableLogic.cpp">
      <Filter>Source Files</Filter>
    </ClCompile>
  </ItemGroup>
  <ItemGroup>
    <ResourceCompile Include="kuka_interface.rc">
      <Filter>Source Files</Filter>
    </ResourceCompile>
  </ItemGroup>
  <ItemGroup>
    <None Include="kuka_interfaceW32.def">
      <Filter>TwinCAT UM Files</Filter>
    </None>
    <None Include="kuka_interface.tmc">
      <Filter>TMC Files</Filter>
    </None>
  </ItemGroup>
  <ItemGroup>
    <Midl Include="kuka_interfaceW32.idl">
      <Filter>TwinCAT UM Files</Filter>
    </Midl>
  </ItemGroup>
</Project>