<?xml version="1.0" encoding="UTF-8"?>
<Project xmlns="http://schemas.microsoft.com/developer/msbuild/2003" ToolsVersion="4.0"><ItemGroup><Filter Include="TwinCAT"><UniqueIdentifier>{05eca819-53aa-4e55-9da3-be29467c1f31}</UniqueIdentifier></Filter><Filter Include="TwinCAT\ClassFactory"><UniqueIdentifier>{b68f64c9-48a4-4e3f-bef7-3a4306be9629}</UniqueIdentifier></Filter><Filter Include="TwinCAT\RT Files"><UniqueIdentifier>{ac2334c8-4d0a-42cd-beec-a9466e95a5ca}</UniqueIdentifier></Filter><Filter Include="TwinCAT\UM Files"><UniqueIdentifier>{03006720-9743-4c7c-9c96-f9d0439c5cba}</UniqueIdentifier></Filter><Filter Include="TwinCAT\Header Files"><UniqueIdentifier>{227e8c4d-fa10-420e-a766-5f542c3760d1}</UniqueIdentifier></Filter><Filter Include="TwinCAT\Header Files\RT Files"><UniqueIdentifier>{5d2e38f5-4756-4dea-9381-c6d6a2862dc4}</UniqueIdentifier></Filter><Filter Include="Simulink Model"><UniqueIdentifier>{2d584440-37d9-47df-9445-ccc1e2235dfb}</UniqueIdentifier></Filter><Filter Include="Simulink Model\Header Files"><UniqueIdentifier>{ade704a3-51f5-444f-a300-9880c56d1119}</UniqueIdentifier></Filter><Filter Include="Resource Files"><UniqueIdentifier>{c55c27a0-d0b3-4f88-bc8e-16cf46c49813}</UniqueIdentifier></Filter><Filter Include="XML Files"><UniqueIdentifier>{9f38bcc2-7b23-406e-97ce-806e6dc10d69}</UniqueIdentifier></Filter></ItemGroup><ItemGroup><ClInclude Include="CcontrollerClassFactory.h"><Filter>TwinCAT\ClassFactory</Filter></ClInclude><ClInclude Include="Ccontroller.h"><Filter>TwinCAT</Filter></ClInclude><ClInclude Include="C:\Program Files\MATLAB\R2017b\simulink\include\sf_runtime\slTestTypes.h"><Filter>Simulink Model\Header Files</Filter></ClInclude><ClInclude Include="C:\Program Files\MATLAB\R2017b\simulink\include\sf_runtime\slTestResult.h"><Filter>Simulink Model\Header Files</Filter></ClInclude><ClInclude Include="rtGetInf.h"><Filter>Simulink Model\Header Files</Filter></ClInclude><ClInclude Include="rtGetNaN.h"><Filter>Simulink Model\Header Files</Filter></ClInclude><ClInclude Include="rt_defines.h"><Filter>Simulink Model\Header Files</Filter></ClInclude><ClInclude Include="rt_nonfinite.h"><Filter>Simulink Model\Header Files</Filter></ClInclude><ClInclude Include="controller.h"><Filter>Simulink Model\Header Files</Filter></ClInclude><ClInclude Include="controller_dt.h"><Filter>Simulink Model\Header Files</Filter></ClInclude><ClInclude Include="controller_private.h"><Filter>Simulink Model\Header Files</Filter></ClInclude><ClInclude Include="controller_types.h"><Filter>Simulink Model\Header Files</Filter></ClInclude><ClInclude Include="multiword_types.h"><Filter>Simulink Model\Header Files</Filter></ClInclude><ClInclude Include="rtmodel.h"><Filter>Simulink Model\Header Files</Filter></ClInclude><ClInclude Include="rtwtypes.h"><Filter>Simulink Model\Header Files</Filter></ClInclude><ClInclude Include="zero_crossing_types.h"><Filter>Simulink Model\Header Files</Filter></ClInclude><ClInclude Include="CcontrollerDrv.h"><Filter>TwinCAT\RT Files</Filter></ClInclude><ClInclude Include="controllerCtrl.h"><Filter>TwinCAT\UM Files</Filter></ClInclude><ClInclude Include="controllerW32.h"><Filter>TwinCAT\UM Files</Filter></ClInclude><ClInclude Include="TcPch.h"><Filter>TwinCAT\Header Files</Filter></ClInclude><ClInclude Include="StdAfx.h"><Filter>TwinCAT\Header Files</Filter></ClInclude><ClInclude Include="controllerVersion.h"><Filter>TwinCAT\Header Files</Filter></ClInclude><ClInclude Include="controllerServices.h"><Filter>TwinCAT\Header Files</Filter></ClInclude><ClInclude Include="controllerResource.h"><Filter>TwinCAT\Header Files</Filter></ClInclude><ClInclude Include="controllerInterfaces.h"><Filter>TwinCAT\Header Files</Filter></ClInclude><ClInclude Include="TwinCAT RT\math.h"><Filter>TwinCAT\Header Files\RT Files</Filter></ClInclude><ClInclude Include="TwinCAT RT\stdio.h"><Filter>TwinCAT\Header Files\RT Files</Filter></ClInclude><ClInclude Include="TwinCAT RT\stdlib.h"><Filter>TwinCAT\Header Files\RT Files</Filter></ClInclude></ItemGroup><ItemGroup><ClCompile Include="CcontrollerClassFactory.cpp"><Filter>TwinCAT\ClassFactory</Filter></ClCompile><ClCompile Include="Ccontroller.cpp"><Filter>TwinCAT</Filter></ClCompile><ClCompile Include="controller.cpp"><Filter>Simulink Model</Filter></ClCompile><ClCompile Include="controller_data.cpp"><Filter>Simulink Model</Filter></ClCompile><ClCompile Include="rtGetInf.cpp"><Filter>Simulink Model</Filter></ClCompile><ClCompile Include="rtGetNaN.cpp"><Filter>Simulink Model</Filter></ClCompile><ClCompile Include="rt_nonfinite.cpp"><Filter>Simulink Model</Filter></ClCompile><ClCompile Include="CcontrollerDrv.cpp"><Filter>TwinCAT\RT Files</Filter></ClCompile><ClCompile Include="controllerCtrl.cpp"><Filter>TwinCAT\UM Files</Filter></ClCompile><ClCompile Include="controllerW32.cpp"><Filter>TwinCAT\UM Files</Filter></ClCompile><ClCompile Include="TcPch.cpp"><Filter>TwinCAT</Filter></ClCompile></ItemGroup><ItemGroup><ResourceCompile Include="controller.rc"><Filter>Resource Files</Filter></ResourceCompile></ItemGroup><ItemGroup><None Include="controllerW32.def"><Filter>TwinCAT\UM Files</Filter></None><None Include="controller_ModuleInfo.xml"><Filter>XML Files</Filter></None><None Include="controller.tmc"><Filter>XML Files</Filter></None></ItemGroup></Project>
