<?xml version="1.0" encoding="UTF-8"?>
<Project xmlns="http://schemas.microsoft.com/developer/msbuild/2003" ToolsVersion="4.0"><ItemGroup><Filter Include="TwinCAT"><UniqueIdentifier>{48b10a2b-3d14-4524-b9fb-e44bee802eed}</UniqueIdentifier></Filter><Filter Include="TwinCAT\ClassFactory"><UniqueIdentifier>{9472e2ac-0ba3-4acf-abdc-d1e90db14582}</UniqueIdentifier></Filter><Filter Include="TwinCAT\RT Files"><UniqueIdentifier>{b1d548c2-8e0d-438a-8492-ab8ff7b70322}</UniqueIdentifier></Filter><Filter Include="TwinCAT\UM Files"><UniqueIdentifier>{9487eb47-f579-4660-92f5-d4f36b695d33}</UniqueIdentifier></Filter><Filter Include="TwinCAT\Header Files"><UniqueIdentifier>{267db77b-0c20-44f4-bc40-1e63a96291e4}</UniqueIdentifier></Filter><Filter Include="TwinCAT\Header Files\RT Files"><UniqueIdentifier>{6f423593-8a35-4a1b-afc0-2734571f259f}</UniqueIdentifier></Filter><Filter Include="XML Files"><UniqueIdentifier>{36a0fda0-f26a-4267-8c98-e935328a268f}</UniqueIdentifier></Filter><Filter Include="Simulink Model\TLC"><UniqueIdentifier>{84f2e542-25d6-4510-8dfc-79bac5fdbf04}</UniqueIdentifier></Filter><Filter Include="Simulink Model"><UniqueIdentifier>{833b531c-aece-492d-9535-5da1865674b5}</UniqueIdentifier></Filter><Filter Include="Simulink Model\Sfcn"><UniqueIdentifier>{162b088b-41d5-46da-afc3-38baf2ecb0ed}</UniqueIdentifier></Filter><Filter Include="Simulink Model\Header Files"><UniqueIdentifier>{4a1d5d3c-12c8-433b-b684-9f14ae0aa7f2}</UniqueIdentifier></Filter><Filter Include="Resource Files"><UniqueIdentifier>{527b9c08-f0b9-4861-b705-2bcc892fb94c}</UniqueIdentifier></Filter></ItemGroup><ItemGroup><ClInclude Include="Ccontroller_ballcatcher_inv_kinClassFactory.h"><Filter>TwinCAT\ClassFactory</Filter></ClInclude><ClInclude Include="Ccontroller_ballcatcher_inv_kin.h"><Filter>TwinCAT</Filter></ClInclude><ClInclude Include="rtGetInf.h"><Filter>Simulink Model\Header Files</Filter></ClInclude><ClInclude Include="rtGetNaN.h"><Filter>Simulink Model\Header Files</Filter></ClInclude><ClInclude Include="rt_defines.h"><Filter>Simulink Model\Header Files</Filter></ClInclude><ClInclude Include="rt_nonfinite.h"><Filter>Simulink Model\Header Files</Filter></ClInclude><ClInclude Include="rt_sfcn_helper.h"><Filter>Simulink Model\Header Files</Filter></ClInclude><ClInclude Include="controller_ballcatcher_inv_kin.h"><Filter>Simulink Model\Header Files</Filter></ClInclude><ClInclude Include="controller_ballcatcher_inv_kin_dt.h"><Filter>Simulink Model\Header Files</Filter></ClInclude><ClInclude Include="controller_ballcatcher_inv_kin_private.h"><Filter>Simulink Model\Header Files</Filter></ClInclude><ClInclude Include="controller_ballcatcher_inv_kin_types.h"><Filter>Simulink Model\Header Files</Filter></ClInclude><ClInclude Include="multiword_types.h"><Filter>Simulink Model\Header Files</Filter></ClInclude><ClInclude Include="rtmodel.h"><Filter>Simulink Model\Header Files</Filter></ClInclude><ClInclude Include="rtwtypes.h"><Filter>Simulink Model\Header Files</Filter></ClInclude><ClInclude Include="zero_crossing_types.h"><Filter>Simulink Model\Header Files</Filter></ClInclude><ClInclude Include="Ccontroller_ballcatcher_inv_kinDrv.h"><Filter>TwinCAT\RT Files</Filter></ClInclude><ClInclude Include="controller_ballcatcher_inv_kinCtrl.h"><Filter>TwinCAT\UM Files</Filter></ClInclude><ClInclude Include="controller_ballcatcher_inv_kinW32.h"><Filter>TwinCAT\UM Files</Filter></ClInclude><ClInclude Include="TcPch.h"><Filter>TwinCAT\Header Files</Filter></ClInclude><ClInclude Include="StdAfx.h"><Filter>TwinCAT\Header Files</Filter></ClInclude><ClInclude Include="controller_ballcatcher_inv_kinVersion.h"><Filter>TwinCAT\Header Files</Filter></ClInclude><ClInclude Include="controller_ballcatcher_inv_kinServices.h"><Filter>TwinCAT\Header Files</Filter></ClInclude><ClInclude Include="controller_ballcatcher_inv_kinResource.h"><Filter>TwinCAT\Header Files</Filter></ClInclude><ClInclude Include="controller_ballcatcher_inv_kinInterfaces.h"><Filter>TwinCAT\Header Files</Filter></ClInclude><ClInclude Include="TwinCAT RT\math.h"><Filter>TwinCAT\Header Files\RT Files</Filter></ClInclude><ClInclude Include="TwinCAT RT\stdio.h"><Filter>TwinCAT\Header Files\RT Files</Filter></ClInclude><ClInclude Include="TwinCAT RT\stdlib.h"><Filter>TwinCAT\Header Files\RT Files</Filter></ClInclude></ItemGroup><ItemGroup><ClCompile Include="Ccontroller_ballcatcher_inv_kinClassFactory.cpp"><Filter>TwinCAT\ClassFactory</Filter></ClCompile><ClCompile Include="Ccontroller_ballcatcher_inv_kin.cpp"><Filter>TwinCAT</Filter></ClCompile><ClCompile Include="C:\Program Files\MATLAB\R2018b\rtw\c\src\rt_matrx.c"><Filter>Simulink Model\TLC</Filter></ClCompile><ClCompile Include="C:\Program Files\MATLAB\R2018b\rtw\c\src\rt_printf.c"><Filter>Simulink Model\TLC</Filter></ClCompile><ClCompile Include="controller_ballcatcher_inv_kin.cpp"><Filter>Simulink Model</Filter></ClCompile><ClCompile Include="controller_ballcatcher_inv_kin_data.cpp"><Filter>Simulink Model</Filter></ClCompile><ClCompile Include="rtGetInf.cpp"><Filter>Simulink Model</Filter></ClCompile><ClCompile Include="rtGetNaN.cpp"><Filter>Simulink Model</Filter></ClCompile><ClCompile Include="rt_nonfinite.cpp"><Filter>Simulink Model</Filter></ClCompile><ClCompile Include="rt_sfcn_helper.cpp"><Filter>Simulink Model</Filter></ClCompile><ClCompile Include="..\Chart2_sf.cpp"><Filter>Simulink Model\Sfcn</Filter></ClCompile><ClCompile Include="Ccontroller_ballcatcher_inv_kinDrv.cpp"><Filter>TwinCAT\RT Files</Filter></ClCompile><ClCompile Include="controller_ballcatcher_inv_kinCtrl.cpp"><Filter>TwinCAT\UM Files</Filter></ClCompile><ClCompile Include="controller_ballcatcher_inv_kinW32.cpp"><Filter>TwinCAT\UM Files</Filter></ClCompile><ClCompile Include="TcPch.cpp"><Filter>TwinCAT</Filter></ClCompile></ItemGroup><ItemGroup><ResourceCompile Include="controller_ballcatcher_inv_kin.rc"><Filter>Resource Files</Filter></ResourceCompile></ItemGroup><ItemGroup><None Include="controller_ballcatcher_inv_kin_PlcOpenPOUs.xml"><Filter>XML Files</Filter></None><None Include="controller_ballcatcher_inv_kinW32.def"><Filter>TwinCAT\UM Files</Filter></None><None Include="TwinCAT RT\cstdio."><Filter>TwinCAT\Header Files\RT Files</Filter></None><None Include="controller_ballcatcher_inv_kin_ModuleInfo.xml"><Filter>XML Files</Filter></None><None Include="controller_ballcatcher_inv_kin.tmc"><Filter>XML Files</Filter></None></ItemGroup></Project>
