<?xml version="1.0" encoding="UTF-8"?>
<Project xmlns="http://schemas.microsoft.com/developer/msbuild/2003" ToolsVersion="4.0"><ItemGroup><Filter Include="TwinCAT"><UniqueIdentifier>{997657d9-d340-40f1-9b39-a585b9cdae80}</UniqueIdentifier></Filter><Filter Include="TwinCAT\ClassFactory"><UniqueIdentifier>{468996ba-905d-4551-9761-e955d86758a9}</UniqueIdentifier></Filter><Filter Include="TwinCAT\RT Files"><UniqueIdentifier>{c33b06d0-84d9-4be6-8f59-e2c0218824b5}</UniqueIdentifier></Filter><Filter Include="TwinCAT\UM Files"><UniqueIdentifier>{33d64dd9-5f4d-4db6-b765-406ee618f029}</UniqueIdentifier></Filter><Filter Include="TwinCAT\Header Files"><UniqueIdentifier>{48f4a19e-0a5e-42ef-9d1b-4e3021d70904}</UniqueIdentifier></Filter><Filter Include="TwinCAT\Header Files\RT Files"><UniqueIdentifier>{080641c5-971f-4c96-8f30-564354582ee1}</UniqueIdentifier></Filter><Filter Include="XML Files"><UniqueIdentifier>{324bf0e3-e29d-41b0-805d-426b2b58ad83}</UniqueIdentifier></Filter><Filter Include="Simulink Model"><UniqueIdentifier>{4a106665-1414-457f-a597-19e08f5ab176}</UniqueIdentifier></Filter><Filter Include="Simulink Model\Header Files"><UniqueIdentifier>{68daf7e4-af10-4106-80e7-646aaa7f96e3}</UniqueIdentifier></Filter><Filter Include="Resource Files"><UniqueIdentifier>{beef58bf-9797-4f24-a527-d4b90fb4f887}</UniqueIdentifier></Filter></ItemGroup><ItemGroup><ClInclude Include="Ccontroller_ballcatcherClassFactory.h"><Filter>TwinCAT\ClassFactory</Filter></ClInclude><ClInclude Include="Ccontroller_ballcatcher.h"><Filter>TwinCAT</Filter></ClInclude><ClInclude Include="rtGetInf.h"><Filter>Simulink Model\Header Files</Filter></ClInclude><ClInclude Include="rtGetNaN.h"><Filter>Simulink Model\Header Files</Filter></ClInclude><ClInclude Include="rt_defines.h"><Filter>Simulink Model\Header Files</Filter></ClInclude><ClInclude Include="rt_nonfinite.h"><Filter>Simulink Model\Header Files</Filter></ClInclude><ClInclude Include="controller_ballcatcher.h"><Filter>Simulink Model\Header Files</Filter></ClInclude><ClInclude Include="controller_ballcatcher_dt.h"><Filter>Simulink Model\Header Files</Filter></ClInclude><ClInclude Include="controller_ballcatcher_private.h"><Filter>Simulink Model\Header Files</Filter></ClInclude><ClInclude Include="controller_ballcatcher_types.h"><Filter>Simulink Model\Header Files</Filter></ClInclude><ClInclude Include="multiword_types.h"><Filter>Simulink Model\Header Files</Filter></ClInclude><ClInclude Include="rtmodel.h"><Filter>Simulink Model\Header Files</Filter></ClInclude><ClInclude Include="rtwtypes.h"><Filter>Simulink Model\Header Files</Filter></ClInclude><ClInclude Include="zero_crossing_types.h"><Filter>Simulink Model\Header Files</Filter></ClInclude><ClInclude Include="Ccontroller_ballcatcherDrv.h"><Filter>TwinCAT\RT Files</Filter></ClInclude><ClInclude Include="controller_ballcatcherCtrl.h"><Filter>TwinCAT\UM Files</Filter></ClInclude><ClInclude Include="controller_ballcatcherW32.h"><Filter>TwinCAT\UM Files</Filter></ClInclude><ClInclude Include="TcPch.h"><Filter>TwinCAT\Header Files</Filter></ClInclude><ClInclude Include="StdAfx.h"><Filter>TwinCAT\Header Files</Filter></ClInclude><ClInclude Include="controller_ballcatcherVersion.h"><Filter>TwinCAT\Header Files</Filter></ClInclude><ClInclude Include="controller_ballcatcherServices.h"><Filter>TwinCAT\Header Files</Filter></ClInclude><ClInclude Include="controller_ballcatcherResource.h"><Filter>TwinCAT\Header Files</Filter></ClInclude><ClInclude Include="controller_ballcatcherInterfaces.h"><Filter>TwinCAT\Header Files</Filter></ClInclude><ClInclude Include="TwinCAT RT\math.h"><Filter>TwinCAT\Header Files\RT Files</Filter></ClInclude><ClInclude Include="TwinCAT RT\stdio.h"><Filter>TwinCAT\Header Files\RT Files</Filter></ClInclude><ClInclude Include="TwinCAT RT\stdlib.h"><Filter>TwinCAT\Header Files\RT Files</Filter></ClInclude></ItemGroup><ItemGroup><ClCompile Include="Ccontroller_ballcatcherClassFactory.cpp"><Filter>TwinCAT\ClassFactory</Filter></ClCompile><ClCompile Include="Ccontroller_ballcatcher.cpp"><Filter>TwinCAT</Filter></ClCompile><ClCompile Include="controller_ballcatcher.cpp"><Filter>Simulink Model</Filter></ClCompile><ClCompile Include="controller_ballcatcher_data.cpp"><Filter>Simulink Model</Filter></ClCompile><ClCompile Include="rtGetInf.cpp"><Filter>Simulink Model</Filter></ClCompile><ClCompile Include="rtGetNaN.cpp"><Filter>Simulink Model</Filter></ClCompile><ClCompile Include="rt_nonfinite.cpp"><Filter>Simulink Model</Filter></ClCompile><ClCompile Include="Ccontroller_ballcatcherDrv.cpp"><Filter>TwinCAT\RT Files</Filter></ClCompile><ClCompile Include="controller_ballcatcherCtrl.cpp"><Filter>TwinCAT\UM Files</Filter></ClCompile><ClCompile Include="controller_ballcatcherW32.cpp"><Filter>TwinCAT\UM Files</Filter></ClCompile><ClCompile Include="TcPch.cpp"><Filter>TwinCAT</Filter></ClCompile></ItemGroup><ItemGroup><ResourceCompile Include="controller_ballcatcher.rc"><Filter>Resource Files</Filter></ResourceCompile></ItemGroup><ItemGroup><None Include="controller_ballcatcher_PlcOpenPOUs.xml"><Filter>XML Files</Filter></None><None Include="controller_ballcatcherW32.def"><Filter>TwinCAT\UM Files</Filter></None><None Include="TwinCAT RT\cstdio."><Filter>TwinCAT\Header Files\RT Files</Filter></None><None Include="controller_ballcatcher_ModuleInfo.xml"><Filter>XML Files</Filter></None><None Include="controller_ballcatcher.tmc"><Filter>XML Files</Filter></None></ItemGroup></Project>
